
Microsoft Visual Studio Solution File, Format Version 12.00
# Visual Studio Version 17
VisualStudioVersion = 17.6.33829.357
MinimumVisualStudioVersion = 10.0.40219.1
Project("{FAE04EC0-301F-11D3-BF4B-00C04F79EFBC}") = "DemoMvcProject.Web", "DemoMvcProject.Web\DemoMvcProject.Web.csproj", "{27A97399-4A1B-4045-899C-DA816F4E14E0}"
EndProject
Project("{FAE04EC0-301F-11D3-BF4B-00C04F79EFBC}") = "DemoMvcProject.Business", "DemoMvcProject.Business\DemoMvcProject.Business.csproj", "{050A95C2-C275-4E5A-A93B-67BB92EDFACB}"
EndProject
Project("{FAE04EC0-301F-11D3-BF4B-00C04F79EFBC}") = "DemoMvcProject.DataAccess", "DemoMvcProject.DataAccess\DemoMvcProject.DataAccess.csproj", "{74B9E542-F0EA-4F0B-B08E-83329FA39A52}"
EndProject
Project("{FAE04EC0-301F-11D3-BF4B-00C04F79EFBC}") = "DemoMvcProject.Entities", "DemoMvcProject.Entities\DemoMvcProject.Entities.csproj", "{E8B200F9-CD1E-4B7D-8D02-D1402B267C21}"
EndProject
Project("{FAE04EC0-301F-11D3-BF4B-00C04F79EFBC}") = "DemoMvcProject.Core", "DemoMvcProject.Core\DemoMvcProject.Core.csproj", "{46ECC2EC-F265-4B66-BEC2-EA5F101D6560}"
EndProject
Global
	GlobalSection(SolutionConfigurationPlatforms) = preSolution
		Debug|Any CPU = Debug|Any CPU
		Release|Any CPU = Release|Any CPU
	EndGlobalSection
	GlobalSection(ProjectConfigurationPlatforms) = postSolution
		{27A97399-4A1B-4045-899C-DA816F4E14E0}.Debug|Any CPU.ActiveCfg = Debug|Any CPU
		{27A97399-4A1B-4045-899C-DA816F4E14E0}.Debug|Any CPU.Build.0 = Debug|Any CPU
		{27A97399-4A1B-4045-899C-DA816F4E14E0}.Release|Any CPU.ActiveCfg = Release|Any CPU
		{27A97399-4A1B-4045-899C-DA816F4E14E0}.Release|Any CPU.Build.0 = Release|Any CPU
		{050A95C2-C275-4E5A-A93B-67BB92EDFACB}.Debug|Any CPU.ActiveCfg = Debug|Any CPU
		{050A95C2-C275-4E5A-A93B-67BB92EDFACB}.Debug|Any CPU.Build.0 = Debug|Any CPU
		{050A95C2-C275-4E5A-A93B-67BB92EDFACB}.Release|Any CPU.ActiveCfg = Release|Any CPU
		{050A95C2-C275-4E5A-A93B-67BB92EDFACB}.Release|Any CPU.Build.0 = Release|Any CPU
		{74B9E542-F0EA-4F0B-B08E-83329FA39A52}.Debug|Any CPU.ActiveCfg = Debug|Any CPU
		{74B9E542-F0EA-4F0B-B08E-83329FA39A52}.Debug|Any CPU.Build.0 = Debug|Any CPU
		{74B9E542-F0EA-4F0B-B08E-83329FA39A52}.Release|Any CPU.ActiveCfg = Release|Any CPU
		{74B9E542-F0EA-4F0B-B08E-83329FA39A52}.Release|Any CPU.Build.0 = Release|Any CPU
		{E8B200F9-CD1E-4B7D-8D02-D1402B267C21}.Debug|Any CPU.ActiveCfg = Debug|Any CPU
		{E8B200F9-CD1E-4B7D-8D02-D1402B267C21}.Debug|Any CPU.Build.0 = Debug|Any CPU
		{E8B200F9-CD1E-4B7D-8D02-D1402B267C21}.Release|Any CPU.ActiveCfg = Release|Any CPU
		{E8B200F9-CD1E-4B7D-8D02-D1402B267C21}.Release|Any CPU.Build.0 = Release|Any CPU
		{46ECC2EC-F265-4B66-BEC2-EA5F101D6560}.Debug|Any CPU.ActiveCfg = Debug|Any CPU
		{46ECC2EC-F265-4B66-BEC2-EA5F101D6560}.Debug|Any CPU.Build.0 = Debug|Any CPU
		{46ECC2EC-F265-4B66-BEC2-EA5F101D6560}.Release|Any CPU.ActiveCfg = Release|Any CPU
		{46ECC2EC-F265-4B66-BEC2-EA5F101D6560}.Release|Any CPU.Build.0 = Release|Any CPU
	EndGlobalSection
	GlobalSection(SolutionProperties) = preSolution
		HideSolutionNode = FALSE
	EndGlobalSection
	GlobalSection(ExtensibilityGlobals) = postSolution
		SolutionGuid = {3650CC7D-1DD3-49F3-B1AC-9911A438E9E8}
	EndGlobalSection
EndGlobal
